
Microsoft Visual Studio Solution File, Format Version 12.00
# Visual Studio Version 17
VisualStudioVersion = 17.8.34316.72
MinimumVisualStudioVersion = 10.0.40219.1
Project("{FAE04EC0-301F-11D3-BF4B-00C04F79EFBC}") = "HD-SUPPORT", "HD-SUPPORT\HD-SUPPORT.csproj", "{D29EDAA9-F4F2-4AAD-A7D8-08D472F39200}"
EndProject
Global
	GlobalSection(SolutionConfigurationPlatforms) = preSolution
		Debug|Any CPU = Debug|Any CPU
		Release|Any CPU = Release|Any CPU
	EndGlobalSection
	GlobalSection(ProjectConfigurationPlatforms) = postSolution
		{D29EDAA9-F4F2-4AAD-A7D8-08D472F39200}.Debug|Any CPU.ActiveCfg = Debug|Any CPU
		{D29EDAA9-F4F2-4AAD-A7D8-08D472F39200}.Debug|Any CPU.Build.0 = Debug|Any CPU
		{D29EDAA9-F4F2-4AAD-A7D8-08D472F39200}.Release|Any CPU.ActiveCfg = Release|Any CPU
		{D29EDAA9-F4F2-4AAD-A7D8-08D472F39200}.Release|Any CPU.Build.0 = Release|Any CPU
	EndGlobalSection
	GlobalSection(SolutionProperties) = preSolution
		HideSolutionNode = FALSE
	EndGlobalSection
	GlobalSection(ExtensibilityGlobals) = postSolution
		SolutionGuid = {3885371D-5037-41E7-9C10-FEAE37D535E6}
	EndGlobalSection
EndGlobal
